{
  "version": 3,
  "mopsTomlDepsHash": "bbdf86505e17aa350819ce54310a141f086d770eb4b1523595251ce8f59ce655",
  "deps": {
    "core": "2.2.0",
    "caffeineai-authorization": "0.1.1",
    "caffeineai-http-outcalls": "0.1.1",
    "rsa": "2.1.0",
    "core@1": "1.0.0",
    "base-x-encoder@2": "2.1.0",
    "asn1@3": "3.1.0",
    "xtended-numbers@2": "2.1.0",
    "buffer@0": "0.1.0",
    "base@0": "0.16.0",
    "xtended-iter@1": "1.1.0",
    "sha2@0": "0.1.6",
    "base": "0.14.14",
    "jwt": "2.1.1",
    "json@1": "1.4.0",
    "xtended-numbers": "0.3.1",
    "hmac@1": "1.1.0",
    "ecdsa@7": "7.1.0",
    "rsa@2": "2.1.0",
    "eddsa@2": "2.1.0",
    "tweetnacl@1": "1.1.2"
  },
  "hashes": {
    "core@2.2.0": {
      "core@2.2.0/LICENSE": "840e3d57a38a8061f55d04470fbd58b9345326fa04ea10ee42add5c6e3b2aa08",
      "core@2.2.0/src/Blob.mo": "25d7c07e9786f11ceb8611a32a83b8491769580024054086e4548607a67afbe4",
      "core@2.2.0/mops.toml": "03dde6cef4dd50e0084c9ce8218439c4c1269d24840c03a1823dbbeb7fc0f544",
      "core@2.2.0/NOTICE": "d62ca4ef9e2c9df064115c339013593cf0769e2b9dc78fa4b3211222541c7f83",
      "core@2.2.0/src/Bool.mo": "3b606a6631f28c774e3055bc860201e56260fd32fdc5e8dc00d901506be95db5",
      "core@2.2.0/src/Array.mo": "7400fd0e6d2550ddb6d01833f67a69109c617032ac445275aabc7c7d188caf8d",
      "core@2.2.0/README.md": "4ae6e5237dbdbc4d71f82cef4f2812f44ccbd8bb4c19c896fb8999efbac8ff7f",
      "core@2.2.0/src/CertifiedData.mo": "5af3182d77ab7aab2384d1f663a8cd992bbd6652aacff29c443314cf2186328f",
      "core@2.2.0/src/Float.mo": "0ca58a2c2e1cbce2a4a963160f5075831fc40f4a7e43cac775e90277ba100b4d",
      "core@2.2.0/src/Int.mo": "03886964690ff75ecd4170decd67653c517dadc65d9957fc644d03e9c1cf9abb",
      "core@2.2.0/src/Char.mo": "ecc2550a6c70ccbb204d216bd18a422d2fcfbb4668a89ac49aab059972902041",
      "core@2.2.0/src/Func.mo": "535991ccca8d551d48129a0b7df03ea7bd6ebf3d74b1b572259d10ce709d7d46",
      "core@2.2.0/src/Debug.mo": "526c3f9d94e4a682917febb7b0021831a7cc345a2aa63e2499ddeda33cf63b3e",
      "core@2.2.0/src/Error.mo": "2112280ea5300ae94ff9188c3bbd75a7db87f0c6eb65c2ac5bf04bc27c851d98",
      "core@2.2.0/src/Cycles.mo": "9f5c1fceea47f05c43f22a1c25e8753fb7e552e36106d27bceef24b1310f4cbc",
      "core@2.2.0/src/Int16.mo": "78c72aafbc039e2c0becc824caa4181158206759d6859e83077db360bc8568c3",
      "core@2.2.0/src/Int64.mo": "f1fda85af9f20b47bcbfda6eaef08c6eee11cab6e5fe3eadb2d9b1c2bcef2e65",
      "core@2.2.0/src/InternetComputer.mo": "969951411beb5caf7d60ba6d5e906a5c70a3b466cee42e1135d1cd3d791cb3a1",
      "core@2.2.0/src/Int32.mo": "41d42155e753ef9fc1301c8823f255134bf2202d4a74ef33e7b7b54a8fc53af4",
      "core@2.2.0/src/Int8.mo": "361af007cfc333937c6bb8e238304db1a7f07a310ec3321a85b89d627f16990f",
      "core@2.2.0/src/Iter.mo": "3627fbf52a392bfa76c6d6803c584b1556add077d0ad214d55802e17acf4d773",
      "core@2.2.0/src/Nat64.mo": "b7ea9f45a35f82c81771c1c36d99d73fdbd9e21f5b0c10e832685f7327246c5e",
      "core@2.2.0/src/List.mo": "263c61ad591bc94f5adfc27517122ce060b9f50425b52e4e01c2d0ed1ced029d",
      "core@2.2.0/src/Nat.mo": "78dab3e33310b766ee9066095a3e6acb1884a8dac32ae9a7cd560637d1e4ea4a",
      "core@2.2.0/src/Nat32.mo": "e3630af6551ae2a80f3809870f55d137c07f68092940c8d9255395504e4e81c8",
      "core@2.2.0/src/Nat8.mo": "e45a6ae2a55ee6ff890d556dc289816b1bdf352d52d4b3ce54e57ae795deffc2",
      "core@2.2.0/src/Map.mo": "71c1dd738868479cc9770470706f6f222ac9d7b4a2743f59b33b16b31fd98ac7",
      "core@2.2.0/src/Nat16.mo": "2b04622ab82be11147130dce8968195c0d4a09b37de8f57d16580673ca780f78",
      "core@2.2.0/src/Option.mo": "aeec94cd6954e7b8b5463a5b15abddfb56c5322cb9b9e7ac782092d5c33a8b38",
      "core@2.2.0/src/Order.mo": "6c21e905e1e8c2b40cd50438218230c207d0bbec0d2514779edd76f9f84a812c",
      "core@2.2.0/src/Principal.mo": "bf4fb0c50fc749ba9d4f4b55d4a11147208b3039a272ce85a8922726ddafe052",
      "core@2.2.0/src/Random.mo": "f5d48c30297b579a068af8cd8c6f4f986605e492b1b65424329a5171d1480e97",
      "core@2.2.0/src/PriorityQueue.mo": "37b9906d1d5a61e520027fd2e48a77facb28ddc760d8129447d6902e037ef7ce",
      "core@2.2.0/src/Queue.mo": "807ae8b4bdcaef6e37c57b65a93a04c0c5ed72f77e315e9916f5a25f62ce424f",
      "core@2.2.0/src/Region.mo": "741a6fae4f61e42fa0a938b00646515edfc96527341a3a2c3936d436c973798b",
      "core@2.2.0/src/Result.mo": "0932722ab0187524c3c11539ccf2a1b9453438a9f3a042dde94e45d9c56a32c5",
      "core@2.2.0/src/Runtime.mo": "d221bd16b45cb717cb4ef4fd698fa8632a415aecbbb5a6fdc8b5cd4bc50a9e56",
      "core@2.2.0/src/Set.mo": "d64fed0989da152d0a4baa81719bef548ad3f461367d5d434d14e98cb18281f0",
      "core@2.2.0/src/Tuples.mo": "0156c1fc21fffedd71d173e0d1b1e7a9a19726cbc49ec1cf49029d6d93bc7955",
      "core@2.2.0/src/Time.mo": "fcffd56cbeb21c3d8613973f3f1ea382babcf122ea93c9689149f0101c5f3e96",
      "core@2.2.0/src/Timer.mo": "389c247eed600fc8195ad1d9872f98fcc92faad96335c9734cf5265d573612e2",
      "core@2.2.0/src/Text.mo": "c23d3f2970234a9553d33aaed7907684d16b220e2cea95ebce02b25c3215e787",
      "core@2.2.0/src/Types.mo": "00dc0132996b3bb3eaf5cc4413be78ca860137ef26f5b472b0e7b3ef68f6652f",
      "core@2.2.0/src/Stack.mo": "ed3c98fae4164ab4f934752f9adc2a92098af8f6d9fc71b16a54867cdb8787f8",
      "core@2.2.0/src/VarArray.mo": "289e68fe216caa39d7d4829b73ccc03ed6e5e2e1d07079e3baa83b55651d1dd8",
      "core@2.2.0/src/internal/BTreeHelper.mo": "20a475baf18f924ee0297fc234469fa0985cdaa31c85ce002b5a921383b0534d",
      "core@2.2.0/src/internal/PRNG.mo": "8a93e87baa2b12f613c82394a4a05b425e44a695bbace4ca36f9a1f78be26442",
      "core@2.2.0/src/WeakReference.mo": "06e58a6d67bf67c4b31ff871416d0cf6d6e34bfb409ce73d83372ef6b74de3cf",
      "core@2.2.0/src/internal/SortHelper.mo": "fff4f2eec5c59a3db13e46eeb69152bb1b98931f45cb58ac481439a0cd0d10bb",
      "core@2.2.0/src/pure/Queue.mo": "ed0bd0968457ea3bb24c5367f0dbdb159cfe950d0e2666224985e57a784fae3b",
      "core@2.2.0/src/pure/List.mo": "b4fb45cf75410461fb1501a316d2384d1be63fee1fccf11ed1d29677e5e2393c",
      "core@2.2.0/src/pure/Map.mo": "e9868fc4dd5e8e6272382e33241c59f8664e3de2e618cbf62fa8b20beabecfab",
      "core@2.2.0/src/pure/RealTimeQueue.mo": "af133ae61c69ce4e00db5e9db53ddeccad84373fef82a156c85360c2426349dd",
      "core@2.2.0/src/pure/Set.mo": "f0155b1d548cbc8889fcff75ef52f0cab7998b034621e4faac8d3b79d7bbac07"
    },
    "caffeineai-authorization@0.1.1": {
      "caffeineai-authorization@0.1.1/rules/no-redeclare-get-caller-user-role.toml": "934befe7ed91e8b7b8d7e9ec583730cbd2965b5f77354cea2770b709c1558093",
      "caffeineai-authorization@0.1.1/src/MixinAuthorization.mo": "818108e2188d91637eef39e6a9f0358f9958aa38ecec1e34b46fc7376cb6c09c",
      "caffeineai-authorization@0.1.1/rules/no-redeclare-initialize-access-control.toml": "1ecedde0d8fe2b3d71fa46a20fa721754fcb0591bdb8b6b668b69f2593e120a4",
      "caffeineai-authorization@0.1.1/mops.toml": "36f8bccb06893e5c6e164e915f5d9e07c255cb59404a6a940b09bfb182f0c7bf",
      "caffeineai-authorization@0.1.1/README.md": "7df09c051d9943be6cab58bfc0a208425b1d48512ae7f73b898dfed86ec6fd85",
      "caffeineai-authorization@0.1.1/rules/no-redeclare-is-caller-admin.toml": "10a57bed38437b1db5624f3b7261ee5f5922311b0bd30e01e2007a7edb274946",
      "caffeineai-authorization@0.1.1/rules/no-redeclare-assign-caller-user-role.toml": "e8669dfe4931aaa4268682877388255342ce2cb2cdafd21a121ddf22ef42b500",
      "caffeineai-authorization@0.1.1/rules/mixin-authorization-included.toml": "57fa6a81594ea8c12e0a3315c36dec4adf718444b8ef70a11cda1aaa1b11624a",
      "caffeineai-authorization@0.1.1/src/access-control.mo": "e517d2a028b510d804a633631a15981160def610ea9410dd5a122f92af3c04d8"
    },
    "caffeineai-http-outcalls@0.1.1": {
      "caffeineai-http-outcalls@0.1.1/mops.toml": "412e8919376cb4b2260c2bb830dc44a7c9092271b1082469da30f445d6e40e00",
      "caffeineai-http-outcalls@0.1.1/README.md": "c8dd0ee7548ac60f5c82c6f5f0a517bbcb847e1e876b71351a5b174b9a46a3fd",
      "caffeineai-http-outcalls@0.1.1/src/outcall.mo": "f5e1eec3b12a04244856f99358e8766a2b5eedc0bf8d9abbebe372c1a3eaca58"
    },
    "rsa@2.1.0": {
      "rsa@2.1.0/mops.toml": "c27b25ee949e77f39cfdccd3462f029586c483692ded67211bf99aa7fb5781a3",
      "rsa@2.1.0/README.md": "0dfb77faed9d2955573b9bbb0f0ae9bcc7ceb1ad7a83174dd9faaeb54fd09b58",
      "rsa@2.1.0/src/Signature.mo": "5cebc23c5d461867599f228c4de2b321e09bd4879e0da96d75d1fe16bdca2106",
      "rsa@2.1.0/LICENSE": "d29036f192ca54721796c4a5abda5980dd026c43b08cad2dac004d22f5bcde50",
      "rsa@2.1.0/src/lib.mo": "7527712f7f021dfab127543063b6f181d0bdf903d5ca35fd7638aa18c6dd9590",
      "rsa@2.1.0/src/PublicKey.mo": "500937fbf6e44f6c7b7bcf033d667e1f747e79cca2ee4e5a7adaa4a78e0baee8"
    },
    "core@1.0.0": {
      "core@1.0.0/src/Array.mo": "7cc453a2d20a3dae84c54f2c4a2db6db7b454f6fca0ba23e6440d324c2a68f3f",
      "core@1.0.0/LICENSE": "840e3d57a38a8061f55d04470fbd58b9345326fa04ea10ee42add5c6e3b2aa08",
      "core@1.0.0/NOTICE": "d62ca4ef9e2c9df064115c339013593cf0769e2b9dc78fa4b3211222541c7f83",
      "core@1.0.0/src/Blob.mo": "58fe96119602151a6816db9817bfd3062526e15fac49c2a259fd2a5061266775",
      "core@1.0.0/src/Bool.mo": "a13590c559c53109e79ffff7de0506e59f1f93754ef2d0efa1df9baaf1751e95",
      "core@1.0.0/mops.toml": "e8e16f2bd5c257b4626c18276930283ac6c156ebc39619dae8da076f23fd1c5c",
      "core@1.0.0/README.md": "184efbd57d9792ca0275a7a66caeb920181001e46e63aa7b70f180e001a2a838",
      "core@1.0.0/src/CertifiedData.mo": "5af3182d77ab7aab2384d1f663a8cd992bbd6652aacff29c443314cf2186328f",
      "core@1.0.0/src/Char.mo": "0d1146320d21048cd49663c9838b1a6ce7ec1add1ad256b51a1eac4bbe3f6be8",
      "core@1.0.0/src/Error.mo": "fb53abc8de032fa421e327a7fb4880345b7b8e91bbb84d9183d2172b7a9ec773",
      "core@1.0.0/src/Debug.mo": "5c9398296ea0a913e2f356a3e169bb56df817248036aaa5c97507d29915143cf",
      "core@1.0.0/src/Cycles.mo": "9f5c1fceea47f05c43f22a1c25e8753fb7e552e36106d27bceef24b1310f4cbc",
      "core@1.0.0/src/Int.mo": "17c36cc01d325ab430c372328abec9d9defa0e81e3c2de7613735ca9588597fc",
      "core@1.0.0/src/Float.mo": "20beea2c0d9039593cc28c638e289f42b3f5a9405b9a43c1fc76571cbb0e6f5d",
      "core@1.0.0/src/Func.mo": "c00d06b15e3376821020ceaaffae2a70bf206c672e746459ba1079adc6d1a619",
      "core@1.0.0/src/Int16.mo": "5102cbb40ff1ecdc005bdc96ded6ef3619aa840526d2b243c0463dbb758aa4a8",
      "core@1.0.0/src/Int32.mo": "6fb63738e2482ee6b361745a7c0b03f684cdfcfa578e1bae53a9e0df527f1f72",
      "core@1.0.0/src/Int64.mo": "05d49bb8a25ef1f49e8a164fd5a63cc03fd56c1bbb91f1b6d5096ba9bd9eb23a",
      "core@1.0.0/src/List.mo": "100853bf57dc4b350336695148b3a3ecfc12c75c52b165dcdafc1c05effac6fc",
      "core@1.0.0/src/Int8.mo": "186de373b7857c3d6a6a3814285959e291088e8ae17de4a1bf2bd5e15490d511",
      "core@1.0.0/src/Iter.mo": "6098e63365cabe82046fd0100f53b029cc2693a438d0a7aafc7e930c8bb986b2",
      "core@1.0.0/src/InternetComputer.mo": "20383755c98801e560c17f9aefd9b4eb00463ee598125de1b39f6ae6fc8c60c9",
      "core@1.0.0/src/Nat.mo": "6be73db65c25fed97cd6b37223fac6a7982e8f124651d522aa7999c40159db50",
      "core@1.0.0/src/Map.mo": "bcdb5a6bf2f9b8ba2078707d25155fdab8fc9b92b1d909e749acb8be068f9226",
      "core@1.0.0/src/Nat16.mo": "0f83fbbbd2c4b0c71e9465e67273464faf32f126e59f3417476d536ee7e2ebbc",
      "core@1.0.0/src/Nat32.mo": "e35fccf57b5a5aca880860481388c8d679b2289710a43d9acd5f77ed19984614",
      "core@1.0.0/src/Nat64.mo": "9d8454be0bf9b234f5a5d308a1afdc02bc770a9d0d587bc23f8fba392a21ead9",
      "core@1.0.0/src/Nat8.mo": "02c42e668f0fd95df5f864b4bbede58565a0a0395c6a04f6cb357f83090d245d",
      "core@1.0.0/src/Order.mo": "ebc93dd27cee7befd6e41794fb220f079dfb017145a76d77a225b2fcb3bbfd9e",
      "core@1.0.0/src/Option.mo": "14e4f9d3332f778e0afa922e68852bf8fefcb885f1455770333867d120d64230",
      "core@1.0.0/src/Principal.mo": "2d4ce9cee2fd21cfe2bf236260742d5b35ac4fafaef74204bd068d0ba691b3e5",
      "core@1.0.0/src/Random.mo": "0cb44f437d4e495ac5ae80da2518f5d3ba12fc8cf25a7ca2d8f25c536066dd80",
      "core@1.0.0/src/Queue.mo": "fef65d586af331551fd4602b4a462a891a5ebb7a2b57d0de51b32d4ee10d3fb2",
      "core@1.0.0/src/Region.mo": "c853ca2803d26f650e8e0cc0ba1b219664e7e0fdcea2a747f146f035dc5659dd",
      "core@1.0.0/src/Result.mo": "a3eed6fe0156ac5a10418c13397fab7bcbc803a95cfc12fdb4de159e97f5cc94",
      "core@1.0.0/src/Runtime.mo": "5ac1290bec77ab04ae51df5fdc56ab4c6850823ffcd18e4140dfcc1b5a66cce3",
      "core@1.0.0/src/Stack.mo": "74a904d5d91a3c706c0dd0b73489719e74503510f2ff6fb6017dcf1c14d0ab44",
      "core@1.0.0/src/Tuples.mo": "632c1d344d561df66c7092b13c9009e41f5c73d068f1ae13001ac55353c66376",
      "core@1.0.0/src/Time.mo": "e08d502d5eb3ca0ab7b4cce7322404faf1c72bc2bed7d2ded5a46d6afd80fd39",
      "core@1.0.0/src/Text.mo": "3bd1923e902a08421f71fc6903a4492366d5ffb0206891143edae3b81fee6298",
      "core@1.0.0/src/Types.mo": "fe8ea094b7444977d45cdd3c0a389143f0b84e0567051b6c50b69aac482d1105",
      "core@1.0.0/src/Timer.mo": "dee7c31d1d4fd29794da552a133bcb90fbd29e3ec004407d1d6a16f430ac8151",
      "core@1.0.0/src/Set.mo": "db592ed58c0a333fd50303cf71fb47adf2e0660e0b53364c49a2aef536380db3",
      "core@1.0.0/src/internal/PRNG.mo": "8a93e87baa2b12f613c82394a4a05b425e44a695bbace4ca36f9a1f78be26442",
      "core@1.0.0/src/pure/List.mo": "e4a873f01cd5f923a43b7a4f86924f9348b9102a1b9e6831bfbd7032aa22a244",
      "core@1.0.0/src/VarArray.mo": "2b1649549cf5a4c1c3a5e224b816b060bcb3f85999f9cbbe75db0ef369c2dff6",
      "core@1.0.0/src/internal/BTreeHelper.mo": "20a475baf18f924ee0297fc234469fa0985cdaa31c85ce002b5a921383b0534d",
      "core@1.0.0/src/pure/Queue.mo": "f43869d27e7392074297afd7d271a282c461ee1eb69105b269751ca22070ccce",
      "core@1.0.0/src/pure/Map.mo": "33f63f1878f0474c6669363dde9ff6808ac992fa6353a7051b9a0c0cc7ee8f6c",
      "core@1.0.0/src/pure/Set.mo": "b547cd545ef688f349cd974ccd5c9cfcb11bdc67e8f0ab7d87734ff0f95193c5",
      "core@1.0.0/src/pure/RealTimeQueue.mo": "6e1f9a60d862f0bd214c205f70c98313ebc741f63ab62d3292c0d92d871c100f"
    },
    "base-x-encoder@2.1.0": {
      "base-x-encoder@2.1.0/src/lib.mo": "81d58fea5022a112130726874c98e38138a771606716052be6b9b24f970cba80",
      "base-x-encoder@2.1.0/LICENSE": "d29036f192ca54721796c4a5abda5980dd026c43b08cad2dac004d22f5bcde50",
      "base-x-encoder@2.1.0/mops.toml": "b03a70d5bd29a89ed747b8511be968d1cf252413ddc4072955d503c2f7762fad",
      "base-x-encoder@2.1.0/README.md": "8d2758dde93f9953f27b9da69480435e3b786fcdc85a0d666ef8adba20ef0768"
    },
    "asn1@3.1.0": {
      "asn1@3.1.0/LICENSE": "d29036f192ca54721796c4a5abda5980dd026c43b08cad2dac004d22f5bcde50",
      "asn1@3.1.0/README.md": "ef591928a2ace6719909ee713a016fa41f6c5d954774850a94addaa55e21ba1e",
      "asn1@3.1.0/src/lib.mo": "88e5041f2b67cf2c61ba9a6661f71ff872fc985ce1a159ebbd4d6bbef3cf17b2",
      "asn1@3.1.0/mops.toml": "ce0a1d21093b9a8abda2493dc82f9955a18561d12c411811c708cc512509d607"
    },
    "xtended-numbers@2.1.0": {
      "xtended-numbers@2.1.0/src/FloatX.mo": "25a4e83103215b7a157bd37c81401fa7bf226b40f49c2cd7d0f406c10608e7fb",
      "xtended-numbers@2.1.0/LICENSE": "7caf02fc1ac48db886244237e0fa148cea6c360daabcbccd3e6d26da422bb06b",
      "xtended-numbers@2.1.0/README.md": "d2e881aef1bcfe216dec7b954f174e086b8b5a7dda9e94d345daeaf254b4c355",
      "xtended-numbers@2.1.0/mops.toml": "06a5529380648a98baed85e4336bf87f9c39668a3b8231984ef3d6dd1a4a49ec",
      "xtended-numbers@2.1.0/src/IntX.mo": "d2cad7689a5ebb1838525869e76f2321bcc74d17ff2b66883af559c59ca3bef8",
      "xtended-numbers@2.1.0/src/NatX.mo": "4e21dd6e80918d3e318e8c366ef9fc5cfa6835e09f870bcac61034736bd9b15f",
      "xtended-numbers@2.1.0/src/Util.mo": "ab75ce5587dfeffc81376777f5de74a301bd300ec4df7db54e5f94b208e4f384"
    },
    "buffer@0.1.0": {
      "buffer@0.1.0/LICENSE": "d29036f192ca54721796c4a5abda5980dd026c43b08cad2dac004d22f5bcde50",
      "buffer@0.1.0/README.md": "997ca71aafccabf4da41269d547e06d7a3e53f55418881178dd369df3eeed7f4",
      "buffer@0.1.0/mops.toml": "29b478ced5ddf863323252cccfa938e0183946e9d94bf01d8ff7a7dfd1ffcb1a",
      "buffer@0.1.0/src/lib.mo": "12ab7e7d3b8f14da06c807aae707d6dae412dc4c447b8e0ee2e1f8e8f1067a48"
    },
    "base@0.16.0": {
      "base@0.16.0/src/Blob.mo": "61a48166c8bdc4cf1220fd11f645566699fa064a2b2aa8174388aae4eef6a532",
      "base@0.16.0/README.md": "f861762bc648759297be91a82981acfb2a160f9e1cfee063526b640b05a9c435",
      "base@0.16.0/src/Array.mo": "dbf9ed7bfccb959356ee5250da58b43c2ddb1ee68173be04b365c5317564e134",
      "base@0.16.0/mops.toml": "49dc97853e23e5463322b656ccc29b2c090dafac91136d3bea282810e63f357d",
      "base@0.16.0/NOTICE": "3960a8d25fa5fc909325817b08b36c1146970930ca15b6352f8ea6db803cab47",
      "base@0.16.0/src/AssocList.mo": "e2e123d96d907ada614435ecef9a223678db79f3b0a411d85e59d5c0a6566438",
      "base@0.16.0/LICENSE": "166bd8e8cf7790087d1fd18a9fa4d060cc0d0b3e5ab30689aa5f3a59a93386bf",
      "base@0.16.0/src/Buffer.mo": "fdb20bbec95107f48974c706ed3420be8507e3654fd9371036b7416b45821388",
      "base@0.16.0/src/Bool.mo": "65faf01dc6e3609ed2f729b813811506951adcce71c081fc6edcdbae4c8b1169",
      "base@0.16.0/src/CertifiedData.mo": "e2911a6cb533ba85ff345987d91ba92730a80ca9b6729c0b0ae1dd4631765e12",
      "base@0.16.0/src/ExperimentalCycles.mo": "2e905451f9e3bfb6982de5a49a2dfa3859c2bb7e0739557f93480debcab8ffef",
      "base@0.16.0/src/Deque.mo": "47cac83b96adaf0d49a93f9766ed0844769b899a9b7982d46b4998157889abba",
      "base@0.16.0/src/Debug.mo": "ccccd690e0f61caac42cb75d9eb23fdbdae67053fbd8b33d47fa101dfc9af3e5",
      "base@0.16.0/src/Char.mo": "93d9e300a2a9ed72c8a1e50288b3af4cb2c6cdd31988f200dc167e3bbfe5824a",
      "base@0.16.0/src/Error.mo": "b64274e5a5dcfbf74a55ef8c2b969ff4cdd856656849ec2eb5b964c3d1ad1bf5",
      "base@0.16.0/src/ExperimentalInternetComputer.mo": "9a665385f030b54c2086cebd42ae29262c00989059586242a84a4a4f6a06f1f4",
      "base@0.16.0/src/Float.mo": "86d527bcc778e4520f14d47677fd24633b6a44125ec715a0368d718a1ee3d405",
      "base@0.16.0/src/Func.mo": "a1a6cfb5b1910916b610d00c05d2cc9b56a2b55ad55533583aa9e705cb82a4ed",
      "base@0.16.0/src/ExperimentalStableMemory.mo": "d28fb9f603fd9ebb406bc848590564b471c19cc082bbbc76c8487f0e7b211257",
      "base@0.16.0/src/Hash.mo": "7546b8e08c410e705c9fb0329b3f893ca24dda72cc4ed8f2013d7c546e8beb5c",
      "base@0.16.0/src/HashMap.mo": "0de8c3ddafe0f73d62cbe2bec33d78b78e975cfc5df385d763e73d86cfe3a899",
      "base@0.16.0/src/Heap.mo": "e5c90141bda1375535f00c16b448a2328856f9673a1dc9688a2b11e3dfc8bed6",
      "base@0.16.0/src/Int.mo": "c04aeea43aeda1fde3007978589967429acc152cab3132af8ef0ca288416d97d",
      "base@0.16.0/src/Int32.mo": "b50026ebc57842f95a1455c865ca736eab14db54856b8810f3e8ae9227688d7f",
      "base@0.16.0/src/Int16.mo": "51772524e6277db86d27a6b4bb2789145bd5ef72097fd7540a51eacb71fcba16",
      "base@0.16.0/src/Int64.mo": "55558f9ffa00dd336a7658c3a34800dcea9730232ff3132ddf2b2ce507ec648f",
      "base@0.16.0/src/IterType.mo": "53c840d79e7aa6eefd00552ad9ecca820f8f3be14e070c905df472893f7b4fbd",
      "base@0.16.0/src/Int8.mo": "44e98af88ecef25ff557b130118277ac9f9bfa151699b0b42e61e7b155f2b243",
      "base@0.16.0/src/Iter.mo": "24e490f94569d708e1c979fb798feb200665bb973a29bb2cb9210148a77d2cb4",
      "base@0.16.0/src/List.mo": "961bed7fa13d0f3aa88189ceb51e5a7aeaa9b475d0857c941b2c4fec19a70656",
      "base@0.16.0/src/Nat.mo": "4180a4f92deafd7674a68427f0e250a1022c42942b435405e6f2459bce0b5536",
      "base@0.16.0/src/Nat32.mo": "53b5530b7becc07bb4c0398cd805076d10a70cbb306a0b4ce628b9a755d068fd",
      "base@0.16.0/src/Nat16.mo": "787af029de5f2a5446b3c5b58ed5c07baaef2febf98d6e74c5422cac753d5d60",
      "base@0.16.0/src/Nat64.mo": "1f5f430978ff0c27c2608e0d976573ad0864ddc8816714ddc9691141b4bed4bd",
      "base@0.16.0/src/Option.mo": "8135b09bab4bd3a9536692cb09fbf170f3c4cbce01eea645ecbcd0368cdf834a",
      "base@0.16.0/src/None.mo": "6072c7d392b6e43c245912ed6a30f3f46f9268de5aa146848f1bf0fd5218af3e",
      "base@0.16.0/src/Order.mo": "2d7c2f21b967e26cfb26441138779c44652476eb717fdb5ed8fb5397c54528f8",
      "base@0.16.0/src/Nat8.mo": "08db31b1cb511656df9fa50ad1ec0d42f256a6e14344896ad11b7ea1bc577b80",
      "base@0.16.0/src/OrderedMap.mo": "0a48d759795ee87f23df1f9d7280f9fc8c126852eacc82daf4e58e4c047b767d",
      "base@0.16.0/src/Principal.mo": "d82643351555e44690dfc10c16011b14010000431e63c30a1ec37265f5fc46d2",
      "base@0.16.0/src/Prelude.mo": "5a4636d33c6937279462c460e3bc1ececd14a80569a2a51fa55d3968f7bda553",
      "base@0.16.0/src/OrderedSet.mo": "cc9fb6ffad0d95b123c55c5f6b3493245852f031081901c13caf52df04411e6c",
      "base@0.16.0/src/Random.mo": "4fffac74e85d64b2579647144ff2b40e358610ddeda23ebf9354eb1d98917803",
      "base@0.16.0/src/Region.mo": "8579f4296e26f29b565830301097d650699535131da663e1a8bca89432295754",
      "base@0.16.0/src/Stack.mo": "992f6bd77d5ac3e4281a85a2ac96cfb04abb5b794bf8e9e08c3b558f516233f5",
      "base@0.16.0/src/RBTree.mo": "f9ad44d8bb82f55691eeef5f50b2e976d3c18e4399e950cbdcb59e91582622d7",
      "base@0.16.0/src/Result.mo": "9909afee7a1f066b25105469808c06c154611428a9a909bcf3089a501181fa5a",
      "base@0.16.0/src/Timer.mo": "ec1e126f05dc94a2e229dd3572b04e92e9265762d52d2c99ca8df8656e4f7788",
      "base@0.16.0/src/Time.mo": "4336ac0d6d9d8f516a1ba6794eb5e3577ecd3aa2aedabd09892dc7b8554b73f8",
      "base@0.16.0/src/Text.mo": "0abd4063229262cb2e3d658937ad000155a9eff1656412ddd9502a4d606c8cfa",
      "base@0.16.0/src/TrieMap.mo": "f09aab78476ffd158f8ab789e0692ad61aa9b1f4ac6ff3af30cdac5f5c30a7e4",
      "base@0.16.0/src/Trie.mo": "3ca67f2527afaf5e663bd7b227384d0b20d0ea0cfc7c532e5d95a625c0d0d6bb",
      "base@0.16.0/src/TrieSet.mo": "9c8c1821582b344de6f3910f417527ec0b565876eb2d9da09455af05117ed45a"
    },
    "xtended-iter@1.1.0": {
      "xtended-iter@1.1.0/README.md": "e82aa0ce2c9889494bc472a166b7548e646a631d172a16f1f444f89c9d61eee2",
      "xtended-iter@1.1.0/LICENSE": "899ee41cfd1fde1c8c08b0c76e5dd84e12f9e7182694a4462129ee21881d53db",
      "xtended-iter@1.1.0/src/IterX.mo": "e655f38bccffa205df0bc62d5eeb69f4c6c46ec1fd0b67930a3a37f29bc0cbf3",
      "xtended-iter@1.1.0/mops.toml": "383eadb55eb1b55a7e6ac46a643e38783c2769628ca926a0869577f2f340e35d",
      "xtended-iter@1.1.0/src/PeekableIter.mo": "00e7c32b40d5cf6fe35e6fe6ec3408bd15c18dfc67d1501cd870455aace538fc"
    },
    "sha2@0.1.6": {
      "sha2@0.1.6/LICENSE": "c71d239df91726fc519c6eb72d318ec65820627232b2f796219e87dcf35d0ab4",
      "sha2@0.1.6/NOTICE": "9e95e2265712704574d13aaa6cab885a11e6ca6d46d70a7dd5286791ed59a1c3",
      "sha2@0.1.6/mops.toml": "d4383b37c01088088e7f3ee9153411a8a653e98949779d7805436da8e012ba6a",
      "sha2@0.1.6/src/Sha256.mo": "dc0d0e5a5950f7786648eee417d1a1a3b8d0e48d1faf48ce4af6378fee6f8453",
      "sha2@0.1.6/src/Sha512.mo": "9983910bc2e8e92dffb58d89607f62cc35a243d6cb5f1bd13076f377d0d8d261",
      "sha2@0.1.6/README.md": "968ade7f520180a097085f468d79a2de8d61b3785057e363ed5117a7eba5a56c"
    },
    "base@0.14.14": {
      "base@0.14.14/NOTICE": "3960a8d25fa5fc909325817b08b36c1146970930ca15b6352f8ea6db803cab47",
      "base@0.14.14/LICENSE": "166bd8e8cf7790087d1fd18a9fa4d060cc0d0b3e5ab30689aa5f3a59a93386bf",
      "base@0.14.14/README.md": "f861762bc648759297be91a82981acfb2a160f9e1cfee063526b640b05a9c435",
      "base@0.14.14/mops.toml": "b8dba28045fafa266c0eaec7ad79edc4cff49b72fdda6e47bc4fb2abaa398954",
      "base@0.14.14/src/Array.mo": "dbf9ed7bfccb959356ee5250da58b43c2ddb1ee68173be04b365c5317564e134",
      "base@0.14.14/src/Blob.mo": "61a48166c8bdc4cf1220fd11f645566699fa064a2b2aa8174388aae4eef6a532",
      "base@0.14.14/src/AssocList.mo": "e2e123d96d907ada614435ecef9a223678db79f3b0a411d85e59d5c0a6566438",
      "base@0.14.14/src/Bool.mo": "65faf01dc6e3609ed2f729b813811506951adcce71c081fc6edcdbae4c8b1169",
      "base@0.14.14/src/Buffer.mo": "fdb20bbec95107f48974c706ed3420be8507e3654fd9371036b7416b45821388",
      "base@0.14.14/src/Deque.mo": "47cac83b96adaf0d49a93f9766ed0844769b899a9b7982d46b4998157889abba",
      "base@0.14.14/src/CertifiedData.mo": "e2911a6cb533ba85ff345987d91ba92730a80ca9b6729c0b0ae1dd4631765e12",
      "base@0.14.14/src/Error.mo": "b64274e5a5dcfbf74a55ef8c2b969ff4cdd856656849ec2eb5b964c3d1ad1bf5",
      "base@0.14.14/src/Debug.mo": "ccccd690e0f61caac42cb75d9eb23fdbdae67053fbd8b33d47fa101dfc9af3e5",
      "base@0.14.14/src/Char.mo": "93d9e300a2a9ed72c8a1e50288b3af4cb2c6cdd31988f200dc167e3bbfe5824a",
      "base@0.14.14/src/ExperimentalCycles.mo": "2e905451f9e3bfb6982de5a49a2dfa3859c2bb7e0739557f93480debcab8ffef",
      "base@0.14.14/src/ExperimentalStableMemory.mo": "d28fb9f603fd9ebb406bc848590564b471c19cc082bbbc76c8487f0e7b211257",
      "base@0.14.14/src/ExperimentalInternetComputer.mo": "9a665385f030b54c2086cebd42ae29262c00989059586242a84a4a4f6a06f1f4",
      "base@0.14.14/src/Func.mo": "a1a6cfb5b1910916b610d00c05d2cc9b56a2b55ad55533583aa9e705cb82a4ed",
      "base@0.14.14/src/Hash.mo": "7546b8e08c410e705c9fb0329b3f893ca24dda72cc4ed8f2013d7c546e8beb5c",
      "base@0.14.14/src/Float.mo": "86d527bcc778e4520f14d47677fd24633b6a44125ec715a0368d718a1ee3d405",
      "base@0.14.14/src/HashMap.mo": "0de8c3ddafe0f73d62cbe2bec33d78b78e975cfc5df385d763e73d86cfe3a899",
      "base@0.14.14/src/Int.mo": "c04aeea43aeda1fde3007978589967429acc152cab3132af8ef0ca288416d97d",
      "base@0.14.14/src/Heap.mo": "e5c90141bda1375535f00c16b448a2328856f9673a1dc9688a2b11e3dfc8bed6",
      "base@0.14.14/src/Int32.mo": "b50026ebc57842f95a1455c865ca736eab14db54856b8810f3e8ae9227688d7f",
      "base@0.14.14/src/Int16.mo": "51772524e6277db86d27a6b4bb2789145bd5ef72097fd7540a51eacb71fcba16",
      "base@0.14.14/src/Int64.mo": "55558f9ffa00dd336a7658c3a34800dcea9730232ff3132ddf2b2ce507ec648f",
      "base@0.14.14/src/Iter.mo": "24e490f94569d708e1c979fb798feb200665bb973a29bb2cb9210148a77d2cb4",
      "base@0.14.14/src/List.mo": "961bed7fa13d0f3aa88189ceb51e5a7aeaa9b475d0857c941b2c4fec19a70656",
      "base@0.14.14/src/Int8.mo": "44e98af88ecef25ff557b130118277ac9f9bfa151699b0b42e61e7b155f2b243",
      "base@0.14.14/src/Nat.mo": "4180a4f92deafd7674a68427f0e250a1022c42942b435405e6f2459bce0b5536",
      "base@0.14.14/src/IterType.mo": "53c840d79e7aa6eefd00552ad9ecca820f8f3be14e070c905df472893f7b4fbd",
      "base@0.14.14/src/Nat16.mo": "787af029de5f2a5446b3c5b58ed5c07baaef2febf98d6e74c5422cac753d5d60",
      "base@0.14.14/src/Nat64.mo": "1f5f430978ff0c27c2608e0d976573ad0864ddc8816714ddc9691141b4bed4bd",
      "base@0.14.14/src/Nat32.mo": "53b5530b7becc07bb4c0398cd805076d10a70cbb306a0b4ce628b9a755d068fd",
      "base@0.14.14/src/Nat8.mo": "08db31b1cb511656df9fa50ad1ec0d42f256a6e14344896ad11b7ea1bc577b80",
      "base@0.14.14/src/None.mo": "6072c7d392b6e43c245912ed6a30f3f46f9268de5aa146848f1bf0fd5218af3e",
      "base@0.14.14/src/Order.mo": "2d7c2f21b967e26cfb26441138779c44652476eb717fdb5ed8fb5397c54528f8",
      "base@0.14.14/src/OrderedSet.mo": "cc9fb6ffad0d95b123c55c5f6b3493245852f031081901c13caf52df04411e6c",
      "base@0.14.14/src/OrderedMap.mo": "0a48d759795ee87f23df1f9d7280f9fc8c126852eacc82daf4e58e4c047b767d",
      "base@0.14.14/src/Option.mo": "8135b09bab4bd3a9536692cb09fbf170f3c4cbce01eea645ecbcd0368cdf834a",
      "base@0.14.14/src/Prelude.mo": "5a4636d33c6937279462c460e3bc1ececd14a80569a2a51fa55d3968f7bda553",
      "base@0.14.14/src/Principal.mo": "d82643351555e44690dfc10c16011b14010000431e63c30a1ec37265f5fc46d2",
      "base@0.14.14/src/RBTree.mo": "f9ad44d8bb82f55691eeef5f50b2e976d3c18e4399e950cbdcb59e91582622d7",
      "base@0.14.14/src/Random.mo": "4fffac74e85d64b2579647144ff2b40e358610ddeda23ebf9354eb1d98917803",
      "base@0.14.14/src/Result.mo": "9909afee7a1f066b25105469808c06c154611428a9a909bcf3089a501181fa5a",
      "base@0.14.14/src/Text.mo": "0abd4063229262cb2e3d658937ad000155a9eff1656412ddd9502a4d606c8cfa",
      "base@0.14.14/src/Region.mo": "8579f4296e26f29b565830301097d650699535131da663e1a8bca89432295754",
      "base@0.14.14/src/Stack.mo": "992f6bd77d5ac3e4281a85a2ac96cfb04abb5b794bf8e9e08c3b558f516233f5",
      "base@0.14.14/src/Time.mo": "4336ac0d6d9d8f516a1ba6794eb5e3577ecd3aa2aedabd09892dc7b8554b73f8",
      "base@0.14.14/src/Timer.mo": "ec1e126f05dc94a2e229dd3572b04e92e9265762d52d2c99ca8df8656e4f7788",
      "base@0.14.14/src/Trie.mo": "3ca67f2527afaf5e663bd7b227384d0b20d0ea0cfc7c532e5d95a625c0d0d6bb",
      "base@0.14.14/src/TrieMap.mo": "f09aab78476ffd158f8ab789e0692ad61aa9b1f4ac6ff3af30cdac5f5c30a7e4",
      "base@0.14.14/src/TrieSet.mo": "9c8c1821582b344de6f3910f417527ec0b565876eb2d9da09455af05117ed45a"
    },
    "jwt@2.1.1": {
      "jwt@2.1.1/src/lib.mo": "9220f38e9e75917a14bee6f925c896f2c95a87fad348292eb4ba4821dfb62256",
      "jwt@2.1.1/mops.toml": "c411010441d7634f818a723c581c94412196944f6cbbf36c7400a2e8f1710c42",
      "jwt@2.1.1/README.md": "9bbf4f8f841a98297a3588df26fee7a4cf6299d8c53ff88b58468eb7fa8163ef",
      "jwt@2.1.1/LICENSE": "d29036f192ca54721796c4a5abda5980dd026c43b08cad2dac004d22f5bcde50",
      "jwt@2.1.1/src/Types.mo": "10b81d67978a07b07073ea30eb2b67b4bfb75c2128fabce862b61b34f7a61587"
    },
    "json@1.4.0": {
      "json@1.4.0/README.md": "05a648e7dd1384458c69a090b518f6dbf166262bd294ecc3dd726cff6b7bf9d1",
      "json@1.4.0/src/Lexer.mo": "0c30924f6e550c8f810e93bea1a147f9ffdd93159551ecd49441880102f36ce0",
      "json@1.4.0/src/Types.mo": "276cb48956b3249f596587b8ba344abc13d5a945b7f64e5f84b107924629c698",
      "json@1.4.0/LICENSE": "0f37247f2456cd129ab89f73eb6bb6fb385884570de60cbc96da9aeca0765660",
      "json@1.4.0/src/Cursor.mo": "3a555d38ab51a44ac952ee63bb1098a22a3bcc9543c66e70e76046feb2aeb24a",
      "json@1.4.0/src/Parser.mo": "a08bf4928fed4d41505613bb0ccced32510c482cefbe3b7f10ed1a517d52e29f",
      "json@1.4.0/mops.toml": "975f88a887aaa74d22e75bdf8e601537074b9ea6b98066eaef106a1dedb35928",
      "json@1.4.0/src/lib.mo": "958b42af7c4c4f8c534d6f0e9d781c0d1c693b0f51a538c47da771dd99aa77d0"
    },
    "xtended-numbers@0.3.1": {
      "xtended-numbers@0.3.1/mops.toml": "4e9deb52b4cef8a768011966ecad1b7eea3daa14349946c118a1b5126e36b9d2",
      "xtended-numbers@0.3.1/LICENSE": "7caf02fc1ac48db886244237e0fa148cea6c360daabcbccd3e6d26da422bb06b",
      "xtended-numbers@0.3.1/src/FloatX.mo": "a2fd81ca4ce3fa47e871ba4d166c0ec4c90ee117663e9f1e28d1cc26ca4652f2",
      "xtended-numbers@0.3.1/src/Util.mo": "e634a191e215bb09593e0bea5df104fa76e8c9f5cd9e3ca28303d7518ab74c00",
      "xtended-numbers@0.3.1/README.md": "df334a5b7f8774bffe09495de9bacb4616d20ad431d50dd7f04fb3e923044cef",
      "xtended-numbers@0.3.1/src/IntX.mo": "a82947577982a37841ede78c7a4e27568c11bffeb86bb76d03d27eb9ef99a0b3",
      "xtended-numbers@0.3.1/src/NatX.mo": "735ec54844fe8cd6640c4fb0909e8312608db18c192fe278ee9faeb0187217cc"
    },
    "hmac@1.1.0": {
      "hmac@1.1.0/LICENSE": "4458503dd48e88c4e0b945fb252a08b93c40ec757309b8ffa7c594dfa1e35104",
      "hmac@1.1.0/src/lib.mo": "c627898e409128728d5e255412f08c9c618f50cbd4cdf07855a23f2f1cbd61c9",
      "hmac@1.1.0/mops.toml": "04ee853b499d46664597f5d701042460a7111918c500897ab4aec72e5dbded9d",
      "hmac@1.1.0/README.md": "5c81a86af77cc8409d9b17a14bb29d589ba902672b70648405b0ef7834fe76b2"
    },
    "ecdsa@7.1.0": {
      "ecdsa@7.1.0/NOTICE": "ede5d37dbee00172c1a52e9f77625868c1d197196254bc3fd20eb7e45264c93d",
      "ecdsa@7.1.0/README.md": "6bb0d4e8e8627d5ab1fb701db991f8044b0d935c88510fe4395377bc8a6d7144",
      "ecdsa@7.1.0/src/Binary.mo": "b1161b8a886deef66800257f35b61fa8056c854f694635af6a207acd5de90898",
      "ecdsa@7.1.0/mops.toml": "84575b79aea27dae162e45ad58ddbc689bd727c950d3d647c48e495a51d65f1b",
      "ecdsa@7.1.0/LICENSE": "58d1e17ffe5109a7ae296caafcadfdbe6a7d176f0bc4ab01e12a689b0499d8bd",
      "ecdsa@7.1.0/src/Field.mo": "6f37081609c6b12a69330ffe965a05d2775a8470de3cab69f7c1f27253d52bf6",
      "ecdsa@7.1.0/src/Curve.mo": "03ece62eda3cef20854dbe075b53e54425228460dd25dc1d21242bf543bb1100",
      "ecdsa@7.1.0/src/IntExt.mo": "92167166ada440bc14a5c220dae13b2022ee7791c2b7aa2e1c173fd55e5ef114",
      "ecdsa@7.1.0/src/Signature.mo": "6a3f01a86a17697cf0d829d49fd82713d287ca4c5d8b1ac00fd8cc33770c933d",
      "ecdsa@7.1.0/src/Util.mo": "c8dec7375306e78f4b0d54d786ee76079c8090ad5fd60acc9eda0a521c822585",
      "ecdsa@7.1.0/src/Hex.mo": "76715c98840863199b77387fef189601d83eb08a8ab3fb84df3290406d29653b",
      "ecdsa@7.1.0/src/PrivateKey.mo": "7c72be5bade5d1103b81d02aaba4415276dae99dc579dafbe7fe1529a631ae4e",
      "ecdsa@7.1.0/src/lib.mo": "ad1451bc0fd212d797362cbe07cd29fdf5f3eb4f1196b14ff5b388c37d7ae61b",
      "ecdsa@7.1.0/src/KeyCommon.mo": "346156cbf552e957a2225089099b69b8785fca183e207cd349bb475cbe2d88b3",
      "ecdsa@7.1.0/src/PublicKey.mo": "b8b136f3468972272869728f0da792ef446e7105d3fd102907b91fd759669c01"
    },
    "eddsa@2.1.0": {
      "eddsa@2.1.0/src/Common.mo": "1894a145eb495457dfc55c9f3706cb67cf97e1d6ffd5a61cb403a999519a5976",
      "eddsa@2.1.0/LICENSE": "d29036f192ca54721796c4a5abda5980dd026c43b08cad2dac004d22f5bcde50",
      "eddsa@2.1.0/src/PublicKey.mo": "ada4aa611efeeed44ad453eeb7a24d7432578403dc2bb5a7ac3a762d229ae0db",
      "eddsa@2.1.0/src/lib.mo": "2218bc83bc6750b94b69794019076b2c93137004738fe71ea4ba3460047023b4",
      "eddsa@2.1.0/README.md": "42b2a9816d809a9bfcb6edd6ae2f37d4ed78326de151eed7fbc18329cb6b0c8d",
      "eddsa@2.1.0/mops.toml": "de77b49846da52551d23553b84a6e764b85c438d95cf1efd70ac71a1bd007074",
      "eddsa@2.1.0/src/Signature.mo": "6685cbec8273b5bf72399742dc0cab66af7c0d278393c1b1702f650a0a39acdb"
    },
    "tweetnacl@1.1.2": {
      "tweetnacl@1.1.2/mops.toml": "c4fa05fe9d930014486f39e62d7095051f94394fa93f9c5b1caa9068b61ab1a7",
      "tweetnacl@1.1.2/src/lib.mo": "ab86c7559e7bd23a24aff0365412a194f19179e13db775fbfe3616850fa5f40c",
      "tweetnacl@1.1.2/LICENSE": "daba9a54e99601bad54955baacff8256c965652c43debc905ac75f458140063e",
      "tweetnacl@1.1.2/README.md": "50ca6a2e705575403259978ff1192dad870f1742db995e390fe878893c274aad",
      "tweetnacl@1.1.2/src/tweetnacl.mo": "d92c67b2173cae3966c54bcc47ebe5599649a0cda1fb16e3f121c53f2c3ecdd7"
    }
  }
}